
Microsoft Visual Studio Solution File, Format Version 12.00
# Visual Studio Version 17
VisualStudioVersion = 17.4.33213.308
MinimumVisualStudioVersion = 10.0.40219.1
Project("{9A19103F-16F7-4668-BE54-9A1E7A4F7556}") = "ProjetBellAPI", "ProjetBellAPI\ProjetBellAPI.csproj", "{EE9A92E7-72A6-4C52-801D-33F1BE1BF67A}"
EndProject
Project("{9A19103F-16F7-4668-BE54-9A1E7A4F7556}") = "InvoiceModule.UnitTest", "ProjectBellAPI.UnitTest\InvoiceModule.UnitTest.csproj", "{F7775D41-090B-4A00-BF13-FFC4300B8EE1}"
EndProject
Project("{9A19103F-16F7-4668-BE54-9A1E7A4F7556}") = "AssetModule", "AssetModule\AssetModule.csproj", "{4F89F0F9-32A4-454B-92E7-86F2DE1FD026}"
EndProject
Project("{9A19103F-16F7-4668-BE54-9A1E7A4F7556}") = "InvoiceModule", "InvoiceModule\InvoiceModule.csproj", "{3FA766CB-DD2B-4222-9B01-8BD88C0D87B5}"
EndProject
Project("{FAE04EC0-301F-11D3-BF4B-00C04F79EFBC}") = "ProjectBellAPI.IntegrationTest", "ProjectBellAPI.IntegrationTest\ProjectBellAPI.IntegrationTest.csproj", "{DF934D08-07BF-4A0B-A6ED-5BB95005E42D}"
EndProject
Global
	GlobalSection(SolutionConfigurationPlatforms) = preSolution
		Debug|Any CPU = Debug|Any CPU
		Release|Any CPU = Release|Any CPU
	EndGlobalSection
	GlobalSection(ProjectConfigurationPlatforms) = postSolution
		{EE9A92E7-72A6-4C52-801D-33F1BE1BF67A}.Debug|Any CPU.ActiveCfg = Debug|Any CPU
		{EE9A92E7-72A6-4C52-801D-33F1BE1BF67A}.Debug|Any CPU.Build.0 = Debug|Any CPU
		{EE9A92E7-72A6-4C52-801D-33F1BE1BF67A}.Release|Any CPU.ActiveCfg = Release|Any CPU
		{EE9A92E7-72A6-4C52-801D-33F1BE1BF67A}.Release|Any CPU.Build.0 = Release|Any CPU
		{F7775D41-090B-4A00-BF13-FFC4300B8EE1}.Debug|Any CPU.ActiveCfg = Debug|Any CPU
		{F7775D41-090B-4A00-BF13-FFC4300B8EE1}.Debug|Any CPU.Build.0 = Debug|Any CPU
		{F7775D41-090B-4A00-BF13-FFC4300B8EE1}.Release|Any CPU.ActiveCfg = Release|Any CPU
		{F7775D41-090B-4A00-BF13-FFC4300B8EE1}.Release|Any CPU.Build.0 = Release|Any CPU
		{4F89F0F9-32A4-454B-92E7-86F2DE1FD026}.Debug|Any CPU.ActiveCfg = Debug|Any CPU
		{4F89F0F9-32A4-454B-92E7-86F2DE1FD026}.Debug|Any CPU.Build.0 = Debug|Any CPU
		{4F89F0F9-32A4-454B-92E7-86F2DE1FD026}.Release|Any CPU.ActiveCfg = Release|Any CPU
		{4F89F0F9-32A4-454B-92E7-86F2DE1FD026}.Release|Any CPU.Build.0 = Release|Any CPU
		{3FA766CB-DD2B-4222-9B01-8BD88C0D87B5}.Debug|Any CPU.ActiveCfg = Debug|Any CPU
		{3FA766CB-DD2B-4222-9B01-8BD88C0D87B5}.Debug|Any CPU.Build.0 = Debug|Any CPU
		{3FA766CB-DD2B-4222-9B01-8BD88C0D87B5}.Release|Any CPU.ActiveCfg = Release|Any CPU
		{3FA766CB-DD2B-4222-9B01-8BD88C0D87B5}.Release|Any CPU.Build.0 = Release|Any CPU
		{DF934D08-07BF-4A0B-A6ED-5BB95005E42D}.Debug|Any CPU.ActiveCfg = Debug|Any CPU
		{DF934D08-07BF-4A0B-A6ED-5BB95005E42D}.Debug|Any CPU.Build.0 = Debug|Any CPU
		{DF934D08-07BF-4A0B-A6ED-5BB95005E42D}.Release|Any CPU.ActiveCfg = Release|Any CPU
		{DF934D08-07BF-4A0B-A6ED-5BB95005E42D}.Release|Any CPU.Build.0 = Release|Any CPU
	EndGlobalSection
	GlobalSection(SolutionProperties) = preSolution
		HideSolutionNode = FALSE
	EndGlobalSection
	GlobalSection(ExtensibilityGlobals) = postSolution
		SolutionGuid = {85B5562D-D35B-401D-9BB6-B7667D02D3D4}
	EndGlobalSection
EndGlobal
